
Microsoft Visual Studio Solution File, Format Version 12.00
# Visual Studio Version 17
VisualStudioVersion = 17.14.36212.18 d17.14
MinimumVisualStudioVersion = 10.0.40219.1
Project("{FAE04EC0-301F-11D3-BF4B-00C04F79EFBC}") = "MetaXPorter.Api", "MetaXPorter.Api\MetaXPorter.Api.csproj", "{30A9518A-952B-4256-8ED5-14491A02025E}"
EndProject
Global
	GlobalSection(SolutionConfigurationPlatforms) = preSolution
		Debug|Any CPU = Debug|Any CPU
		Release|Any CPU = Release|Any CPU
	EndGlobalSection
	GlobalSection(ProjectConfigurationPlatforms) = postSolution
		{30A9518A-952B-4256-8ED5-14491A02025E}.Debug|Any CPU.ActiveCfg = Debug|Any CPU
		{30A9518A-952B-4256-8ED5-14491A02025E}.Debug|Any CPU.Build.0 = Debug|Any CPU
		{30A9518A-952B-4256-8ED5-14491A02025E}.Release|Any CPU.ActiveCfg = Release|Any CPU
		{30A9518A-952B-4256-8ED5-14491A02025E}.Release|Any CPU.Build.0 = Release|Any CPU
	EndGlobalSection
	GlobalSection(SolutionProperties) = preSolution
		HideSolutionNode = FALSE
	EndGlobalSection
	GlobalSection(ExtensibilityGlobals) = postSolution
		SolutionGuid = {9A0C1C9E-F899-410D-8F49-F8031E440874}
	EndGlobalSection
EndGlobal
