
Microsoft Visual Studio Solution File, Format Version 12.00
# Visual Studio Version 17
VisualStudioVersion = 17.14.36212.18
MinimumVisualStudioVersion = 10.0.40219.1
Project("{FAE04EC0-301F-11D3-BF4B-00C04F79EFBC}") = "MetaXPorter.Api", "MetaXPorter.Api\MetaXPorter.Api.csproj", "{30A9518A-952B-4256-8ED5-14491A02025E}"
EndProject
Project("{FAE04EC0-301F-11D3-BF4B-00C04F79EFBC}") = "MetaXPorter.Api.Tests.Unit", "MetaXPorter.Api.Tests.Unit\MetaXPorter.Api.Tests.Unit.csproj", "{022CE257-5E90-4DF9-97CB-0069DDAD0236}"
EndProject
Project("{FAE04EC0-301F-11D3-BF4B-00C04F79EFBC}") = "MetaXPorter.Api.Infrastructure.Build", "MetaXPorter.Api.Infrastructure.Build\MetaXPorter.Api.Infrastructure.Build.csproj", "{9DCDB7A1-0394-4605-9700-4C4295AD5613}"
EndProject
Project("{2150E333-8FDC-42A3-9474-1A3956D46DE8}") = "Resources", "Resources", "{02EA681E-C7D8-13C7-8484-4AC65E1B71E8}"
	ProjectSection(SolutionItems) = preProject
		Export template.xml = Export template.xml
	EndProjectSection
EndProject
Global
	GlobalSection(SolutionConfigurationPlatforms) = preSolution
		Debug|Any CPU = Debug|Any CPU
		Release|Any CPU = Release|Any CPU
	EndGlobalSection
	GlobalSection(ProjectConfigurationPlatforms) = postSolution
		{30A9518A-952B-4256-8ED5-14491A02025E}.Debug|Any CPU.ActiveCfg = Debug|Any CPU
		{30A9518A-952B-4256-8ED5-14491A02025E}.Debug|Any CPU.Build.0 = Debug|Any CPU
		{30A9518A-952B-4256-8ED5-14491A02025E}.Release|Any CPU.ActiveCfg = Release|Any CPU
		{30A9518A-952B-4256-8ED5-14491A02025E}.Release|Any CPU.Build.0 = Release|Any CPU
		{022CE257-5E90-4DF9-97CB-0069DDAD0236}.Debug|Any CPU.ActiveCfg = Debug|Any CPU
		{022CE257-5E90-4DF9-97CB-0069DDAD0236}.Debug|Any CPU.Build.0 = Debug|Any CPU
		{022CE257-5E90-4DF9-97CB-0069DDAD0236}.Release|Any CPU.ActiveCfg = Release|Any CPU
		{022CE257-5E90-4DF9-97CB-0069DDAD0236}.Release|Any CPU.Build.0 = Release|Any CPU
		{9DCDB7A1-0394-4605-9700-4C4295AD5613}.Debug|Any CPU.ActiveCfg = Debug|Any CPU
		{9DCDB7A1-0394-4605-9700-4C4295AD5613}.Debug|Any CPU.Build.0 = Debug|Any CPU
		{9DCDB7A1-0394-4605-9700-4C4295AD5613}.Release|Any CPU.ActiveCfg = Release|Any CPU
		{9DCDB7A1-0394-4605-9700-4C4295AD5613}.Release|Any CPU.Build.0 = Release|Any CPU
	EndGlobalSection
	GlobalSection(SolutionProperties) = preSolution
		HideSolutionNode = FALSE
	EndGlobalSection
	GlobalSection(ExtensibilityGlobals) = postSolution
		SolutionGuid = {9A0C1C9E-F899-410D-8F49-F8031E440874}
	EndGlobalSection
EndGlobal
